// !$*UTF8*$!
{
	archiveVersion = 1;
	classes = {
	};
	objectVersion = 56;
	objects = {

/* Begin PBXBuildFile section */
		1847FAE2292D094B009A01B8 /* CatsNetworkWidgetApp.swift in Sources */ = {isa = PBXBuildFile; fileRef = 1847FAE1292D094B009A01B8 /* CatsNetworkWidgetApp.swift */; };
		1847FAE4292D094B009A01B8 /* ContentView.swift in Sources */ = {isa = PBXBuildFile; fileRef = 1847FAE3292D094B009A01B8 /* ContentView.swift */; };
		1847FAE6292D094C009A01B8 /* Assets.xcassets in Resources */ = {isa = PBXBuildFile; fileRef = 1847FAE5292D094C009A01B8 /* Assets.xcassets */; };
		1847FAE9292D094C009A01B8 /* Preview Assets.xcassets in Resources */ = {isa = PBXBuildFile; fileRef = 1847FAE8292D094C009A01B8 /* Preview Assets.xcassets */; };
		1847FAF6292D09D1009A01B8 /* WidgetKit.framework in Frameworks */ = {isa = PBXBuildFile; fileRef = 1847FAF5292D09D1009A01B8 /* WidgetKit.framework */; };
		1847FAF8292D09D1009A01B8 /* SwiftUI.framework in Frameworks */ = {isa = PBXBuildFile; fileRef = 1847FAF7292D09D1009A01B8 /* SwiftUI.framework */; };
		1847FAFB292D09D1009A01B8 /* CatsNetworkWidgetExtension.swift in Sources */ = {isa = PBXBuildFile; fileRef = 1847FAFA292D09D1009A01B8 /* CatsNetworkWidgetExtension.swift */; };
		1847FAFE292D09D3009A01B8 /* Assets.xcassets in Resources */ = {isa = PBXBuildFile; fileRef = 1847FAFD292D09D3009A01B8 /* Assets.xcassets */; };
		1847FB00292D09D3009A01B8 /* CatsNetworkWidgetExtension.intentdefinition in Sources */ = {isa = PBXBuildFile; fileRef = 1847FAFC292D09D1009A01B8 /* CatsNetworkWidgetExtension.intentdefinition */; };
		1847FB01292D09D3009A01B8 /* CatsNetworkWidgetExtension.intentdefinition in Sources */ = {isa = PBXBuildFile; fileRef = 1847FAFC292D09D1009A01B8 /* CatsNetworkWidgetExtension.intentdefinition */; };
		1847FB04292D09D3009A01B8 /* CatsNetworkWidgetExtensionExtension.appex in Embed Foundation Extensions */ = {isa = PBXBuildFile; fileRef = 1847FAF3292D09D1009A01B8 /* CatsNetworkWidgetExtensionExtension.appex */; settings = {ATTRIBUTES = (RemoveHeadersOnCopy, ); }; };
		1847FB0B292D27CB009A01B8 /* URLImageView.swift in Sources */ = {isa = PBXBuildFile; fileRef = 1847FB09292D27A9009A01B8 /* URLImageView.swift */; };
		1847FB12292E289C009A01B8 /* NetworkManager.swift in Sources */ = {isa = PBXBuildFile; fileRef = 1847FB0C292D2D33009A01B8 /* NetworkManager.swift */; };
		1847FB13292E289F009A01B8 /* Endpoint.swift in Sources */ = {isa = PBXBuildFile; fileRef = 1847FB0E292D2E5F009A01B8 /* Endpoint.swift */; };
		1847FB14292E28A3009A01B8 /* RandomCatEndpoint.swift in Sources */ = {isa = PBXBuildFile; fileRef = 1847FB10292D2F8E009A01B8 /* RandomCatEndpoint.swift */; };
		1847FB17292E294C009A01B8 /* CatModel.swift in Sources */ = {isa = PBXBuildFile; fileRef = 1847FB15292E2937009A01B8 /* CatModel.swift */; };
/* End PBXBuildFile section */

/* Begin PBXContainerItemProxy section */
		1847FB02292D09D3009A01B8 /* PBXContainerItemProxy */ = {
			isa = PBXContainerItemProxy;
			containerPortal = 1847FAD6292D094B009A01B8 /* Project object */;
			proxyType = 1;
			remoteGlobalIDString = 1847FAF2292D09D1009A01B8;
			remoteInfo = CatsNetworkWidgetExtensionExtension;
		};
/* End PBXContainerItemProxy section */

/* Begin PBXCopyFilesBuildPhase section */
		1847FB08292D09D3009A01B8 /* Embed Foundation Extensions */ = {
			isa = PBXCopyFilesBuildPhase;
			buildActionMask = 2147483647;
			dstPath = "";
			dstSubfolderSpec = 13;
			files = (
				1847FB04292D09D3009A01B8 /* CatsNetworkWidgetExtensionExtension.appex in Embed Foundation Extensions */,
			);
			name = "Embed Foundation Extensions";
			runOnlyForDeploymentPostprocessing = 0;
		};
/* End PBXCopyFilesBuildPhase section */

/* Begin PBXFileReference section */
		1847FADE292D094B009A01B8 /* CatsNetworkWidget.app */ = {isa = PBXFileReference; explicitFileType = wrapper.application; includeInIndex = 0; path = CatsNetworkWidget.app; sourceTree = BUILT_PRODUCTS_DIR; };
		1847FAE1292D094B009A01B8 /* CatsNetworkWidgetApp.swift */ = {isa = PBXFileReference; lastKnownFileType = sourcecode.swift; path = CatsNetworkWidgetApp.swift; sourceTree = "<group>"; };
		1847FAE3292D094B009A01B8 /* ContentView.swift */ = {isa = PBXFileReference; lastKnownFileType = sourcecode.swift; path = ContentView.swift; sourceTree = "<group>"; };
		1847FAE5292D094C009A01B8 /* Assets.xcassets */ = {isa = PBXFileReference; lastKnownFileType = folder.assetcatalog; path = Assets.xcassets; sourceTree = "<group>"; };
		1847FAE8292D094C009A01B8 /* Preview Assets.xcassets */ = {isa = PBXFileReference; lastKnownFileType = folder.assetcatalog; path = "Preview Assets.xcassets"; sourceTree = "<group>"; };
		1847FAF3292D09D1009A01B8 /* CatsNetworkWidgetExtensionExtension.appex */ = {isa = PBXFileReference; explicitFileType = "wrapper.app-extension"; includeInIndex = 0; path = CatsNetworkWidgetExtensionExtension.appex; sourceTree = BUILT_PRODUCTS_DIR; };
		1847FAF5292D09D1009A01B8 /* WidgetKit.framework */ = {isa = PBXFileReference; lastKnownFileType = wrapper.framework; name = WidgetKit.framework; path = System/Library/Frameworks/WidgetKit.framework; sourceTree = SDKROOT; };
		1847FAF7292D09D1009A01B8 /* SwiftUI.framework */ = {isa = PBXFileReference; lastKnownFileType = wrapper.framework; name = SwiftUI.framework; path = System/Library/Frameworks/SwiftUI.framework; sourceTree = SDKROOT; };
		1847FAFA292D09D1009A01B8 /* CatsNetworkWidgetExtension.swift */ = {isa = PBXFileReference; lastKnownFileType = sourcecode.swift; path = CatsNetworkWidgetExtension.swift; sourceTree = "<group>"; };
		1847FAFC292D09D1009A01B8 /* CatsNetworkWidgetExtension.intentdefinition */ = {isa = PBXFileReference; lastKnownFileType = file.intentdefinition; path = CatsNetworkWidgetExtension.intentdefinition; sourceTree = "<group>"; };
		1847FAFD292D09D3009A01B8 /* Assets.xcassets */ = {isa = PBXFileReference; lastKnownFileType = folder.assetcatalog; path = Assets.xcassets; sourceTree = "<group>"; };
		1847FAFF292D09D3009A01B8 /* Info.plist */ = {isa = PBXFileReference; lastKnownFileType = text.plist.xml; path = Info.plist; sourceTree = "<group>"; };
		1847FB09292D27A9009A01B8 /* URLImageView.swift */ = {isa = PBXFileReference; lastKnownFileType = sourcecode.swift; path = URLImageView.swift; sourceTree = "<group>"; };
		1847FB0C292D2D33009A01B8 /* NetworkManager.swift */ = {isa = PBXFileReference; lastKnownFileType = sourcecode.swift; path = NetworkManager.swift; sourceTree = "<group>"; };
		1847FB0E292D2E5F009A01B8 /* Endpoint.swift */ = {isa = PBXFileReference; lastKnownFileType = sourcecode.swift; path = Endpoint.swift; sourceTree = "<group>"; };
		1847FB10292D2F8E009A01B8 /* RandomCatEndpoint.swift */ = {isa = PBXFileReference; lastKnownFileType = sourcecode.swift; path = RandomCatEndpoint.swift; sourceTree = "<group>"; };
		1847FB15292E2937009A01B8 /* CatModel.swift */ = {isa = PBXFileReference; lastKnownFileType = sourcecode.swift; path = CatModel.swift; sourceTree = "<group>"; };
/* End PBXFileReference section */

/* Begin PBXFrameworksBuildPhase section */
		1847FADB292D094B009A01B8 /* Frameworks */ = {
			isa = PBXFrameworksBuildPhase;
			buildActionMask = 2147483647;
			files = (
			);
			runOnlyForDeploymentPostprocessing = 0;
		};
		1847FAF0292D09D1009A01B8 /* Frameworks */ = {
			isa = PBXFrameworksBuildPhase;
			buildActionMask = 2147483647;
			files = (
				1847FAF8292D09D1009A01B8 /* SwiftUI.framework in Frameworks */,
				1847FAF6292D09D1009A01B8 /* WidgetKit.framework in Frameworks */,
			);
			runOnlyForDeploymentPostprocessing = 0;
		};
/* End PBXFrameworksBuildPhase section */

/* Begin PBXGroup section */
		1847FAD5292D094B009A01B8 = {
			isa = PBXGroup;
			children = (
				1847FAE0292D094B009A01B8 /* CatsNetworkWidget */,
				1847FAF9292D09D1009A01B8 /* CatsNetworkWidgetExtension */,
				1847FAF4292D09D1009A01B8 /* Frameworks */,
				1847FADF292D094B009A01B8 /* Products */,
			);
			sourceTree = "<group>";
		};
		1847FADF292D094B009A01B8 /* Products */ = {
			isa = PBXGroup;
			children = (
				1847FADE292D094B009A01B8 /* CatsNetworkWidget.app */,
				1847FAF3292D09D1009A01B8 /* CatsNetworkWidgetExtensionExtension.appex */,
			);
			name = Products;
			sourceTree = "<group>";
		};
		1847FAE0292D094B009A01B8 /* CatsNetworkWidget */ = {
			isa = PBXGroup;
			children = (
				1847FAE1292D094B009A01B8 /* CatsNetworkWidgetApp.swift */,
				1847FAE3292D094B009A01B8 /* ContentView.swift */,
				1847FAE5292D094C009A01B8 /* Assets.xcassets */,
				1847FAE7292D094C009A01B8 /* Preview Content */,
			);
			path = CatsNetworkWidget;
			sourceTree = "<group>";
		};
		1847FAE7292D094C009A01B8 /* Preview Content */ = {
			isa = PBXGroup;
			children = (
				1847FAE8292D094C009A01B8 /* Preview Assets.xcassets */,
			);
			path = "Preview Content";
			sourceTree = "<group>";
		};
		1847FAF4292D09D1009A01B8 /* Frameworks */ = {
			isa = PBXGroup;
			children = (
				1847FAF5292D09D1009A01B8 /* WidgetKit.framework */,
				1847FAF7292D09D1009A01B8 /* SwiftUI.framework */,
			);
			name = Frameworks;
			sourceTree = "<group>";
		};
		1847FAF9292D09D1009A01B8 /* CatsNetworkWidgetExtension */ = {
			isa = PBXGroup;
			children = (
				1847FAFA292D09D1009A01B8 /* CatsNetworkWidgetExtension.swift */,
				1847FAFC292D09D1009A01B8 /* CatsNetworkWidgetExtension.intentdefinition */,
				1847FAFD292D09D3009A01B8 /* Assets.xcassets */,
				1847FAFF292D09D3009A01B8 /* Info.plist */,
				1847FB09292D27A9009A01B8 /* URLImageView.swift */,
				1847FB0C292D2D33009A01B8 /* NetworkManager.swift */,
				1847FB0E292D2E5F009A01B8 /* Endpoint.swift */,
				1847FB10292D2F8E009A01B8 /* RandomCatEndpoint.swift */,
				1847FB15292E2937009A01B8 /* CatModel.swift */,
			);
			path = CatsNetworkWidgetExtension;
			sourceTree = "<group>";
		};
/* End PBXGroup section */

/* Begin PBXNativeTarget section */
		1847FADD292D094B009A01B8 /* CatsNetworkWidget */ = {
			isa = PBXNativeTarget;
			buildConfigurationList = 1847FAEC292D094C009A01B8 /* Build configuration list for PBXNativeTarget "CatsNetworkWidget" */;
			buildPhases = (
				1847FADA292D094B009A01B8 /* Sources */,
				1847FADB292D094B009A01B8 /* Frameworks */,
				1847FADC292D094B009A01B8 /* Resources */,
				1847FB08292D09D3009A01B8 /* Embed Foundation Extensions */,
			);
			buildRules = (
			);
			dependencies = (
				1847FB03292D09D3009A01B8 /* PBXTargetDependency */,
			);
			name = CatsNetworkWidget;
			productName = CatsNetworkWidget;
			productReference = 1847FADE292D094B009A01B8 /* CatsNetworkWidget.app */;
			productType = "com.apple.product-type.application";
		};
		1847FAF2292D09D1009A01B8 /* CatsNetworkWidgetExtensionExtension */ = {
			isa = PBXNativeTarget;
			buildConfigurationList = 1847FB05292D09D3009A01B8 /* Build configuration list for PBXNativeTarget "CatsNetworkWidgetExtensionExtension" */;
			buildPhases = (
				1847FAEF292D09D1009A01B8 /* Sources */,
				1847FAF0292D09D1009A01B8 /* Frameworks */,
				1847FAF1292D09D1009A01B8 /* Resources */,
			);
			buildRules = (
			);
			dependencies = (
			);
			name = CatsNetworkWidgetExtensionExtension;
			productName = CatsNetworkWidgetExtensionExtension;
			productReference = 1847FAF3292D09D1009A01B8 /* CatsNetworkWidgetExtensionExtension.appex */;
			productType = "com.apple.product-type.app-extension";
		};
/* End PBXNativeTarget section */

/* Begin PBXProject section */
		1847FAD6292D094B009A01B8 /* Project object */ = {
			isa = PBXProject;
			attributes = {
				BuildIndependentTargetsInParallel = 1;
				LastSwiftUpdateCheck = 1400;
				LastUpgradeCheck = 1400;
				TargetAttributes = {
					1847FADD292D094B009A01B8 = {
						CreatedOnToolsVersion = 14.0.1;
					};
					1847FAF2292D09D1009A01B8 = {
						CreatedOnToolsVersion = 14.0.1;
					};
				};
			};
			buildConfigurationList = 1847FAD9292D094B009A01B8 /* Build configuration list for PBXProject "CatsNetworkWidget" */;
			compatibilityVersion = "Xcode 14.0";
			developmentRegion = en;
			hasScannedForEncodings = 0;
			knownRegions = (
				en,
				Base,
			);
			mainGroup = 1847FAD5292D094B009A01B8;
			productRefGroup = 1847FADF292D094B009A01B8 /* Products */;
			projectDirPath = "";
			projectRoot = "";
			targets = (
				1847FADD292D094B009A01B8 /* CatsNetworkWidget */,
				1847FAF2292D09D1009A01B8 /* CatsNetworkWidgetExtensionExtension */,
			);
		};
/* End PBXProject section */

/* Begin PBXResourcesBuildPhase section */
		1847FADC292D094B009A01B8 /* Resources */ = {
			isa = PBXResourcesBuildPhase;
			buildActionMask = 2147483647;
			files = (
				1847FAE9292D094C009A01B8 /* Preview Assets.xcassets in Resources */,
				1847FAE6292D094C009A01B8 /* Assets.xcassets in Resources */,
			);
			runOnlyForDeploymentPostprocessing = 0;
		};
		1847FAF1292D09D1009A01B8 /* Resources */ = {
			isa = PBXResourcesBuildPhase;
			buildActionMask = 2147483647;
			files = (
				1847FAFE292D09D3009A01B8 /* Assets.xcassets in Resources */,
			);
			runOnlyForDeploymentPostprocessing = 0;
		};
/* End PBXResourcesBuildPhase section */

/* Begin PBXSourcesBuildPhase section */
		1847FADA292D094B009A01B8 /* Sources */ = {
			isa = PBXSourcesBuildPhase;
			buildActionMask = 2147483647;
			files = (
				1847FAE4292D094B009A01B8 /* ContentView.swift in Sources */,
				1847FB01292D09D3009A01B8 /* CatsNetworkWidgetExtension.intentdefinition in Sources */,
				1847FAE2292D094B009A01B8 /* CatsNetworkWidgetApp.swift in Sources */,
			);
			runOnlyForDeploymentPostprocessing = 0;
		};
		1847FAEF292D09D1009A01B8 /* Sources */ = {
			isa = PBXSourcesBuildPhase;
			buildActionMask = 2147483647;
			files = (
				1847FB12292E289C009A01B8 /* NetworkManager.swift in Sources */,
				1847FB00292D09D3009A01B8 /* CatsNetworkWidgetExtension.intentdefinition in Sources */,
				1847FB14292E28A3009A01B8 /* RandomCatEndpoint.swift in Sources */,
				1847FAFB292D09D1009A01B8 /* CatsNetworkWidgetExtension.swift in Sources */,
				1847FB0B292D27CB009A01B8 /* URLImageView.swift in Sources */,
				1847FB13292E289F009A01B8 /* Endpoint.swift in Sources */,
				1847FB17292E294C009A01B8 /* CatModel.swift in Sources */,
			);
			runOnlyForDeploymentPostprocessing = 0;
		};
/* End PBXSourcesBuildPhase section */

/* Begin PBXTargetDependency section */
		1847FB03292D09D3009A01B8 /* PBXTargetDependency */ = {
			isa = PBXTargetDependency;
			target = 1847FAF2292D09D1009A01B8 /* CatsNetworkWidgetExtensionExtension */;
			targetProxy = 1847FB02292D09D3009A01B8 /* PBXContainerItemProxy */;
		};
/* End PBXTargetDependency section */

/* Begin XCBuildConfiguration section */
		1847FAEA292D094C009A01B8 /* Debug */ = {
			isa = XCBuildConfiguration;
			buildSettings = {
				ALWAYS_SEARCH_USER_PATHS = NO;
				CLANG_ANALYZER_NONNULL = YES;
				CLANG_ANALYZER_NUMBER_OBJECT_CONVERSION = YES_AGGRESSIVE;
				CLANG_CXX_LANGUAGE_STANDARD = "gnu++20";
				CLANG_ENABLE_MODULES = YES;
				CLANG_ENABLE_OBJC_ARC = YES;
				CLANG_ENABLE_OBJC_WEAK = YES;
				CLANG_WARN_BLOCK_CAPTURE_AUTORELEASING = YES;
				CLANG_WARN_BOOL_CONVERSION = YES;
				CLANG_WARN_COMMA = YES;
				CLANG_WARN_CONSTANT_CONVERSION = YES;
				CLANG_WARN_DEPRECATED_OBJC_IMPLEMENTATIONS = YES;
				CLANG_WARN_DIRECT_OBJC_ISA_USAGE = YES_ERROR;
				CLANG_WARN_DOCUMENTATION_COMMENTS = YES;
				CLANG_WARN_EMPTY_BODY = YES;
				CLANG_WARN_ENUM_CONVERSION = YES;
				CLANG_WARN_INFINITE_RECURSION = YES;
				CLANG_WARN_INT_CONVERSION = YES;
				CLANG_WARN_NON_LITERAL_NULL_CONVERSION = YES;
				CLANG_WARN_OBJC_IMPLICIT_RETAIN_SELF = YES;
				CLANG_WARN_OBJC_LITERAL_CONVERSION = YES;
				CLANG_WARN_OBJC_ROOT_CLASS = YES_ERROR;
				CLANG_WARN_QUOTED_INCLUDE_IN_FRAMEWORK_HEADER = YES;
				CLANG_WARN_RANGE_LOOP_ANALYSIS = YES;
				CLANG_WARN_STRICT_PROTOTYPES = YES;
				CLANG_WARN_SUSPICIOUS_MOVE = YES;
				CLANG_WARN_UNGUARDED_AVAILABILITY = YES_AGGRESSIVE;
				CLANG_WARN_UNREACHABLE_CODE = YES;
				CLANG_WARN__DUPLICATE_METHOD_MATCH = YES;
				COPY_PHASE_STRIP = NO;
				DEBUG_INFORMATION_FORMAT = dwarf;
				ENABLE_STRICT_OBJC_MSGSEND = YES;
				ENABLE_TESTABILITY = YES;
				GCC_C_LANGUAGE_STANDARD = gnu11;
				GCC_DYNAMIC_NO_PIC = NO;
				GCC_NO_COMMON_BLOCKS = YES;
				GCC_OPTIMIZATION_LEVEL = 0;
				GCC_PREPROCESSOR_DEFINITIONS = (
					"DEBUG=1",
					"$(inherited)",
				);
				GCC_WARN_64_TO_32_BIT_CONVERSION = YES;
				GCC_WARN_ABOUT_RETURN_TYPE = YES_ERROR;
				GCC_WARN_UNDECLARED_SELECTOR = YES;
				GCC_WARN_UNINITIALIZED_AUTOS = YES_AGGRESSIVE;
				GCC_WARN_UNUSED_FUNCTION = YES;
				GCC_WARN_UNUSED_VARIABLE = YES;
				IPHONEOS_DEPLOYMENT_TARGET = 16.0;
				MTL_ENABLE_DEBUG_INFO = INCLUDE_SOURCE;
				MTL_FAST_MATH = YES;
				ONLY_ACTIVE_ARCH = YES;
				SDKROOT = iphoneos;
				SWIFT_ACTIVE_COMPILATION_CONDITIONS = DEBUG;
				SWIFT_OPTIMIZATION_LEVEL = "-Onone";
			};
			name = Debug;
		};
		1847FAEB292D094C009A01B8 /* Release */ = {
			isa = XCBuildConfiguration;
			buildSettings = {
				ALWAYS_SEARCH_USER_PATHS = NO;
				CLANG_ANALYZER_NONNULL = YES;
				CLANG_ANALYZER_NUMBER_OBJECT_CONVERSION = YES_AGGRESSIVE;
				CLANG_CXX_LANGUAGE_STANDARD = "gnu++20";
				CLANG_ENABLE_MODULES = YES;
				CLANG_ENABLE_OBJC_ARC = YES;
				CLANG_ENABLE_OBJC_WEAK = YES;
				CLANG_WARN_BLOCK_CAPTURE_AUTORELEASING = YES;
				CLANG_WARN_BOOL_CONVERSION = YES;
				CLANG_WARN_COMMA = YES;
				CLANG_WARN_CONSTANT_CONVERSION = YES;
				CLANG_WARN_DEPRECATED_OBJC_IMPLEMENTATIONS = YES;
				CLANG_WARN_DIRECT_OBJC_ISA_USAGE = YES_ERROR;
				CLANG_WARN_DOCUMENTATION_COMMENTS = YES;
				CLANG_WARN_EMPTY_BODY = YES;
				CLANG_WARN_ENUM_CONVERSION = YES;
				CLANG_WARN_INFINITE_RECURSION = YES;
				CLANG_WARN_INT_CONVERSION = YES;
				CLANG_WARN_NON_LITERAL_NULL_CONVERSION = YES;
				CLANG_WARN_OBJC_IMPLICIT_RETAIN_SELF = YES;
				CLANG_WARN_OBJC_LITERAL_CONVERSION = YES;
				CLANG_WARN_OBJC_ROOT_CLASS = YES_ERROR;
				CLANG_WARN_QUOTED_INCLUDE_IN_FRAMEWORK_HEADER = YES;
				CLANG_WARN_RANGE_LOOP_ANALYSIS = YES;
				CLANG_WARN_STRICT_PROTOTYPES = YES;
				CLANG_WARN_SUSPICIOUS_MOVE = YES;
				CLANG_WARN_UNGUARDED_AVAILABILITY = YES_AGGRESSIVE;
				CLANG_WARN_UNREACHABLE_CODE = YES;
				CLANG_WARN__DUPLICATE_METHOD_MATCH = YES;
				COPY_PHASE_STRIP = NO;
				DEBUG_INFORMATION_FORMAT = "dwarf-with-dsym";
				ENABLE_NS_ASSERTIONS = NO;
				ENABLE_STRICT_OBJC_MSGSEND = YES;
				GCC_C_LANGUAGE_STANDARD = gnu11;
				GCC_NO_COMMON_BLOCKS = YES;
				GCC_WARN_64_TO_32_BIT_CONVERSION = YES;
				GCC_WARN_ABOUT_RETURN_TYPE = YES_ERROR;
				GCC_WARN_UNDECLARED_SELECTOR = YES;
				GCC_WARN_UNINITIALIZED_AUTOS = YES_AGGRESSIVE;
				GCC_WARN_UNUSED_FUNCTION = YES;
				GCC_WARN_UNUSED_VARIABLE = YES;
				IPHONEOS_DEPLOYMENT_TARGET = 16.0;
				MTL_ENABLE_DEBUG_INFO = NO;
				MTL_FAST_MATH = YES;
				SDKROOT = iphoneos;
				SWIFT_COMPILATION_MODE = wholemodule;
				SWIFT_OPTIMIZATION_LEVEL = "-O";
				VALIDATE_PRODUCT = YES;
			};
			name = Release;
		};
		1847FAED292D094C009A01B8 /* Debug */ = {
			isa = XCBuildConfiguration;
			buildSettings = {
				ALWAYS_EMBED_SWIFT_STANDARD_LIBRARIES = YES;
				ASSETCATALOG_COMPILER_APPICON_NAME = AppIcon;
				ASSETCATALOG_COMPILER_GLOBAL_ACCENT_COLOR_NAME = AccentColor;
				CODE_SIGN_STYLE = Automatic;
				CURRENT_PROJECT_VERSION = 1;
				DEVELOPMENT_ASSET_PATHS = "\"CatsNetworkWidget/Preview Content\"";
				DEVELOPMENT_TEAM = 84DXJF9WZG;
				ENABLE_PREVIEWS = YES;
				GENERATE_INFOPLIST_FILE = YES;
				INFOPLIST_KEY_UIApplicationSceneManifest_Generation = YES;
				INFOPLIST_KEY_UIApplicationSupportsIndirectInputEvents = YES;
				INFOPLIST_KEY_UILaunchScreen_Generation = YES;
				INFOPLIST_KEY_UISupportedInterfaceOrientations_iPad = "UIInterfaceOrientationPortrait UIInterfaceOrientationPortraitUpsideDown UIInterfaceOrientationLandscapeLeft UIInterfaceOrientationLandscapeRight";
				INFOPLIST_KEY_UISupportedInterfaceOrientations_iPhone = "UIInterfaceOrientationPortrait UIInterfaceOrientationLandscapeLeft UIInterfaceOrientationLandscapeRight";
				LD_RUNPATH_SEARCH_PATHS = (
					"$(inherited)",
					"@executable_path/Frameworks",
				);
				MARKETING_VERSION = 1.0;
				PRODUCT_BUNDLE_IDENTIFIER = gurachevskaya.demo.SwiftCal;
				PRODUCT_NAME = "$(TARGET_NAME)";
				SWIFT_EMIT_LOC_STRINGS = YES;
				SWIFT_VERSION = 5.0;
				TARGETED_DEVICE_FAMILY = "1,2";
			};
			name = Debug;
		};
		1847FAEE292D094C009A01B8 /* Release */ = {
			isa = XCBuildConfiguration;
			buildSettings = {
				ALWAYS_EMBED_SWIFT_STANDARD_LIBRARIES = YES;
				ASSETCATALOG_COMPILER_APPICON_NAME = AppIcon;
				ASSETCATALOG_COMPILER_GLOBAL_ACCENT_COLOR_NAME = AccentColor;
				CODE_SIGN_STYLE = Automatic;
				CURRENT_PROJECT_VERSION = 1;
				DEVELOPMENT_ASSET_PATHS = "\"CatsNetworkWidget/Preview Content\"";
				DEVELOPMENT_TEAM = 84DXJF9WZG;
				ENABLE_PREVIEWS = YES;
				GENERATE_INFOPLIST_FILE = YES;
				INFOPLIST_KEY_UIApplicationSceneManifest_Generation = YES;
				INFOPLIST_KEY_UIApplicationSupportsIndirectInputEvents = YES;
				INFOPLIST_KEY_UILaunchScreen_Generation = YES;
				INFOPLIST_KEY_UISupportedInterfaceOrientations_iPad = "UIInterfaceOrientationPortrait UIInterfaceOrientationPortraitUpsideDown UIInterfaceOrientationLandscapeLeft UIInterfaceOrientationLandscapeRight";
				INFOPLIST_KEY_UISupportedInterfaceOrientations_iPhone = "UIInterfaceOrientationPortrait UIInterfaceOrientationLandscapeLeft UIInterfaceOrientationLandscapeRight";
				LD_RUNPATH_SEARCH_PATHS = (
					"$(inherited)",
					"@executable_path/Frameworks",
				);
				MARKETING_VERSION = 1.0;
				PRODUCT_BUNDLE_IDENTIFIER = huracheuskaya.CatsNetworkWidget;
				PRODUCT_NAME = "$(TARGET_NAME)";
				SWIFT_EMIT_LOC_STRINGS = YES;
				SWIFT_VERSION = 5.0;
				TARGETED_DEVICE_FAMILY = "1,2";
			};
			name = Release;
		};
		1847FB06292D09D3009A01B8 /* Debug */ = {
			isa = XCBuildConfiguration;
			buildSettings = {
				ASSETCATALOG_COMPILER_GLOBAL_ACCENT_COLOR_NAME = AccentColor;
				ASSETCATALOG_COMPILER_WIDGET_BACKGROUND_COLOR_NAME = WidgetBackground;
				CODE_SIGN_STYLE = Automatic;
				CURRENT_PROJECT_VERSION = 1;
				DEVELOPMENT_TEAM = 84DXJF9WZG;
				GENERATE_INFOPLIST_FILE = YES;
				INFOPLIST_FILE = CatsNetworkWidgetExtension/Info.plist;
				INFOPLIST_KEY_CFBundleDisplayName = CatsNetworkWidgetExtension;
				INFOPLIST_KEY_NSHumanReadableCopyright = "";
				LD_RUNPATH_SEARCH_PATHS = (
					"$(inherited)",
					"@executable_path/Frameworks",
					"@executable_path/../../Frameworks",
				);
				MARKETING_VERSION = 1.0;
				PRODUCT_BUNDLE_IDENTIFIER = gurachevskaya.demo.SwiftCal.SwiftCalWidgetExtension;
				PRODUCT_NAME = "$(TARGET_NAME)";
				SKIP_INSTALL = YES;
				SWIFT_EMIT_LOC_STRINGS = YES;
				SWIFT_VERSION = 5.0;
				TARGETED_DEVICE_FAMILY = "1,2";
			};
			name = Debug;
		};
		1847FB07292D09D3009A01B8 /* Release */ = {
			isa = XCBuildConfiguration;
			buildSettings = {
				ASSETCATALOG_COMPILER_GLOBAL_ACCENT_COLOR_NAME = AccentColor;
				ASSETCATALOG_COMPILER_WIDGET_BACKGROUND_COLOR_NAME = WidgetBackground;
				CODE_SIGN_STYLE = Automatic;
				CURRENT_PROJECT_VERSION = 1;
				DEVELOPMENT_TEAM = 84DXJF9WZG;
				GENERATE_INFOPLIST_FILE = YES;
				INFOPLIST_FILE = CatsNetworkWidgetExtension/Info.plist;
				INFOPLIST_KEY_CFBundleDisplayName = CatsNetworkWidgetExtension;
				INFOPLIST_KEY_NSHumanReadableCopyright = "";
				LD_RUNPATH_SEARCH_PATHS = (
					"$(inherited)",
					"@executable_path/Frameworks",
					"@executable_path/../../Frameworks",
				);
				MARKETING_VERSION = 1.0;
				PRODUCT_BUNDLE_IDENTIFIER = gurachevskaya.demo.SwiftCal.SwiftCalWidgetExtension;
				PRODUCT_NAME = "$(TARGET_NAME)";
				SKIP_INSTALL = YES;
				SWIFT_EMIT_LOC_STRINGS = YES;
				SWIFT_VERSION = 5.0;
				TARGETED_DEVICE_FAMILY = "1,2";
			};
			name = Release;
		};
/* End XCBuildConfiguration section */

/* Begin XCConfigurationList section */
		1847FAD9292D094B009A01B8 /* Build configuration list for PBXProject "CatsNetworkWidget" */ = {
			isa = XCConfigurationList;
			buildConfigurations = (
				1847FAEA292D094C009A01B8 /* Debug */,
				1847FAEB292D094C009A01B8 /* Release */,
			);
			defaultConfigurationIsVisible = 0;
			defaultConfigurationName = Release;
		};
		1847FAEC292D094C009A01B8 /* Build configuration list for PBXNativeTarget "CatsNetworkWidget" */ = {
			isa = XCConfigurationList;
			buildConfigurations = (
				1847FAED292D094C009A01B8 /* Debug */,
				1847FAEE292D094C009A01B8 /* Release */,
			);
			defaultConfigurationIsVisible = 0;
			defaultConfigurationName = Release;
		};
		1847FB05292D09D3009A01B8 /* Build configuration list for PBXNativeTarget "CatsNetworkWidgetExtensionExtension" */ = {
			isa = XCConfigurationList;
			buildConfigurations = (
				1847FB06292D09D3009A01B8 /* Debug */,
				1847FB07292D09D3009A01B8 /* Release */,
			);
			defaultConfigurationIsVisible = 0;
			defaultConfigurationName = Release;
		};
/* End XCConfigurationList section */
	};
	rootObject = 1847FAD6292D094B009A01B8 /* Project object */;
}
